// !$*UTF8*$!
{
	archiveVersion = 1;
	classes = {
	};
	objectVersion = 46;
	objects = {

/* Begin PBXBuildFile section */
		1F28EA871D8955A100BFF669 /* AppDelegate.swift in Sources */ = {isa = PBXBuildFile; fileRef = 1F28EA861D8955A100BFF669 /* AppDelegate.swift */; };
		1F28EA891D8955A100BFF669 /* ViewController.swift in Sources */ = {isa = PBXBuildFile; fileRef = 1F28EA881D8955A100BFF669 /* ViewController.swift */; };
		1F28EA8C1D8955A100BFF669 /* Main.storyboard in Resources */ = {isa = PBXBuildFile; fileRef = 1F28EA8A1D8955A100BFF669 /* Main.storyboard */; };
		1F28EA8E1D8955A100BFF669 /* Assets.xcassets in Resources */ = {isa = PBXBuildFile; fileRef = 1F28EA8D1D8955A100BFF669 /* Assets.xcassets */; };
		1F28EA911D8955A100BFF669 /* LaunchScreen.storyboard in Resources */ = {isa = PBXBuildFile; fileRef = 1F28EA8F1D8955A100BFF669 /* LaunchScreen.storyboard */; };
		1F28EA991D8965EC00BFF669 /* EventsModel.swift in Sources */ = {isa = PBXBuildFile; fileRef = 1F28EA981D8965EC00BFF669 /* EventsModel.swift */; };
/* End PBXBuildFile section */

/* Begin PBXFileReference section */
		1F28EA831D8955A100BFF669 /* AboutTime.app */ = {isa = PBXFileReference; explicitFileType = wrapper.application; includeInIndex = 0; path = AboutTime.app; sourceTree = BUILT_PRODUCTS_DIR; };
		1F28EA861D8955A100BFF669 /* AppDelegate.swift */ = {isa = PBXFileReference; lastKnownFileType = sourcecode.swift; path = AppDelegate.swift; sourceTree = "<group>"; };
		1F28EA881D8955A100BFF669 /* ViewController.swift */ = {isa = PBXFileReference; lastKnownFileType = sourcecode.swift; path = ViewController.swift; sourceTree = "<group>"; };
		1F28EA8B1D8955A100BFF669 /* Base */ = {isa = PBXFileReference; lastKnownFileType = file.storyboard; name = Base; path = Base.lproj/Main.storyboard; sourceTree = "<group>"; };
		1F28EA8D1D8955A100BFF669 /* Assets.xcassets */ = {isa = PBXFileReference; lastKnownFileType = folder.assetcatalog; path = Assets.xcassets; sourceTree = "<group>"; };
		1F28EA901D8955A100BFF669 /* Base */ = {isa = PBXFileReference; lastKnownFileType = file.storyboard; name = Base; path = Base.lproj/LaunchScreen.storyboard; sourceTree = "<group>"; };
		1F28EA921D8955A100BFF669 /* Info.plist */ = {isa = PBXFileReference; lastKnownFileType = text.plist.xml; path = Info.plist; sourceTree = "<group>"; };
		1F28EA981D8965EC00BFF669 /* EventsModel.swift */ = {isa = PBXFileReference; fileEncoding = 4; lastKnownFileType = sourcecode.swift; path = EventsModel.swift; sourceTree = "<group>"; };
/* End PBXFileReference section */

/* Begin PBXFrameworksBuildPhase section */
		1F28EA801D8955A100BFF669 /* Frameworks */ = {
			isa = PBXFrameworksBuildPhase;
			buildActionMask = 2147483647;
			files = (
			);
			runOnlyForDeploymentPostprocessing = 0;
		};
/* End PBXFrameworksBuildPhase section */

/* Begin PBXGroup section */
		1F28EA7A1D8955A100BFF669 = {
			isa = PBXGroup;
			children = (
				1F28EA851D8955A100BFF669 /* AboutTime */,
				1F28EA841D8955A100BFF669 /* Products */,
			);
			sourceTree = "<group>";
		};
		1F28EA841D8955A100BFF669 /* Products */ = {
			isa = PBXGroup;
			children = (
				1F28EA831D8955A100BFF669 /* AboutTime.app */,
			);
			name = Products;
			sourceTree = "<group>";
		};
		1F28EA851D8955A100BFF669 /* AboutTime */ = {
			isa = PBXGroup;
			children = (
				1F28EA861D8955A100BFF669 /* AppDelegate.swift */,
				1F28EA881D8955A100BFF669 /* ViewController.swift */,
				1F28EA981D8965EC00BFF669 /* EventsModel.swift */,
				1F28EA8A1D8955A100BFF669 /* Main.storyboard */,
				1F28EA8D1D8955A100BFF669 /* Assets.xcassets */,
				1F28EA8F1D8955A100BFF669 /* LaunchScreen.storyboard */,
				1F28EA921D8955A100BFF669 /* Info.plist */,
			);
			path = AboutTime;
			sourceTree = "<group>";
		};
/* End PBXGroup section */

/* Begin PBXNativeTarget section */
		1F28EA821D8955A100BFF669 /* AboutTime */ = {
			isa = PBXNativeTarget;
			buildConfigurationList = 1F28EA951D8955A100BFF669 /* Build configuration list for PBXNativeTarget "AboutTime" */;
			buildPhases = (
				1F28EA7F1D8955A100BFF669 /* Sources */,
				1F28EA801D8955A100BFF669 /* Frameworks */,
				1F28EA811D8955A100BFF669 /* Resources */,
			);
			buildRules = (
			);
			dependencies = (
			);
			name = AboutTime;
			productName = AboutTime;
			productReference = 1F28EA831D8955A100BFF669 /* AboutTime.app */;
			productType = "com.apple.product-type.application";
		};
/* End PBXNativeTarget section */

/* Begin PBXProject section */
		1F28EA7B1D8955A100BFF669 /* Project object */ = {
			isa = PBXProject;
			attributes = {
				LastSwiftUpdateCheck = 0800;
				LastUpgradeCheck = 0800;
				ORGANIZATIONNAME = ReCapted;
				TargetAttributes = {
					1F28EA821D8955A100BFF669 = {
						CreatedOnToolsVersion = 8.0;
						DevelopmentTeam = YK58L6RTYU;
						ProvisioningStyle = Automatic;
					};
				};
			};
			buildConfigurationList = 1F28EA7E1D8955A100BFF669 /* Build configuration list for PBXProject "AboutTime" */;
			compatibilityVersion = "Xcode 3.2";
			developmentRegion = English;
			hasScannedForEncodings = 0;
			knownRegions = (
				en,
				Base,
			);
			mainGroup = 1F28EA7A1D8955A100BFF669;
			productRefGroup = 1F28EA841D8955A100BFF669 /* Products */;
			projectDirPath = "";
			projectRoot = "";
			targets = (
				1F28EA821D8955A100BFF669 /* AboutTime */,
			);
		};
/* End PBXProject section */

/* Begin PBXResourcesBuildPhase section */
		1F28EA811D8955A100BFF669 /* Resources */ = {
			isa = PBXResourcesBuildPhase;
			buildActionMask = 2147483647;
			files = (
				1F28EA911D8955A100BFF669 /* LaunchScreen.storyboard in Resources */,
				1F28EA8E1D8955A100BFF669 /* Assets.xcassets in Resources */,
				1F28EA8C1D8955A100BFF669 /* Main.storyboard in Resources */,
			);
			runOnlyForDeploymentPostprocessing = 0;
		};
/* End PBXResourcesBuildPhase section */

/* Begin PBXSourcesBuildPhase section */
		1F28EA7F1D8955A100BFF669 /* Sources */ = {
			isa = PBXSourcesBuildPhase;
			buildActionMask = 2147483647;
			files = (
				1F28EA891D8955A100BFF669 /* ViewController.swift in Sources */,
				1F28EA991D8965EC00BFF669 /* EventsModel.swift in Sources */,
				1F28EA871D8955A100BFF669 /* AppDelegate.swift in Sources */,
			);
			runOnlyForDeploymentPostprocessing = 0;
		};
/* End PBXSourcesBuildPhase section */

/* Begin PBXVariantGroup section */
		1F28EA8A1D8955A100BFF669 /* Main.storyboard */ = {
			isa = PBXVariantGroup;
			children = (
				1F28EA8B1D8955A100BFF669 /* Base */,
			);
			name = Main.storyboard;
			sourceTree = "<group>";
		};
		1F28EA8F1D8955A100BFF669 /* LaunchScreen.storyboard */ = {
			isa = PBXVariantGroup;
			children = (
				1F28EA901D8955A100BFF669 /* Base */,
			);
			name = LaunchScreen.storyboard;
			sourceTree = "<group>";
		};
/* End PBXVariantGroup section */

/* Begin XCBuildConfiguration section */
		1F28EA931D8955A100BFF669 /* Debug */ = {
			isa = XCBuildConfiguration;
			buildSettings = {
				ALWAYS_SEARCH_USER_PATHS = NO;
				CLANG_ANALYZER_NONNULL = YES;
				CLANG_CXX_LANGUAGE_STANDARD = "gnu++0x";
				CLANG_CXX_LIBRARY = "libc++";
				CLANG_ENABLE_MODULES = YES;
				CLANG_ENABLE_OBJC_ARC = YES;
				CLANG_WARN_BOOL_CONVERSION = YES;
				CLANG_WARN_CONSTANT_CONVERSION = YES;
				CLANG_WARN_DIRECT_OBJC_ISA_USAGE = YES_ERROR;
				CLANG_WARN_DOCUMENTATION_COMMENTS = YES;
				CLANG_WARN_EMPTY_BODY = YES;
				CLANG_WARN_ENUM_CONVERSION = YES;
				CLANG_WARN_INFINITE_RECURSION = YES;
				CLANG_WARN_INT_CONVERSION = YES;
				CLANG_WARN_OBJC_ROOT_CLASS = YES_ERROR;
				CLANG_WARN_SUSPICIOUS_MOVES = YES;
				CLANG_WARN_UNREACHABLE_CODE = YES;
				CLANG_WARN__DUPLICATE_METHOD_MATCH = YES;
				"CODE_SIGN_IDENTITY[sdk=iphoneos*]" = "iPhone Developer";
				COPY_PHASE_STRIP = NO;
				DEBUG_INFORMATION_FORMAT = dwarf;
				ENABLE_STRICT_OBJC_MSGSEND = YES;
				ENABLE_TESTABILITY = YES;
				GCC_C_LANGUAGE_STANDARD = gnu99;
				GCC_DYNAMIC_NO_PIC = NO;
				GCC_NO_COMMON_BLOCKS = YES;
				GCC_OPTIMIZATION_LEVEL = 0;
				GCC_PREPROCESSOR_DEFINITIONS = (
					"DEBUG=1",
					"$(inherited)",
				);
				GCC_WARN_64_TO_32_BIT_CONVERSION = YES;
				GCC_WARN_ABOUT_RETURN_TYPE = YES_ERROR;
				GCC_WARN_UNDECLARED_SELECTOR = YES;
				GCC_WARN_UNINITIALIZED_AUTOS = YES_AGGRESSIVE;
				GCC_WARN_UNUSED_FUNCTION = YES;
				GCC_WARN_UNUSED_VARIABLE = YES;
				IPHONEOS_DEPLOYMENT_TARGET = 10.0;
				MTL_ENABLE_DEBUG_INFO = YES;
				ONLY_ACTIVE_ARCH = YES;
				SDKROOT = iphoneos;
				SWIFT_ACTIVE_COMPILATION_CONDITIONS = DEBUG;
				SWIFT_OPTIMIZATION_LEVEL = "-Onone";
			};
			name = Debug;
		};
		1F28EA941D8955A100BFF669 /* Release */ = {
			isa = XCBuildConfiguration;
			buildSettings = {
				ALWAYS_SEARCH_USER_PATHS = NO;
				CLANG_ANALYZER_NONNULL = YES;
				CLANG_CXX_LANGUAGE_STANDARD = "gnu++0x";
				CLANG_CXX_LIBRARY = "libc++";
				CLANG_ENABLE_MODULES = YES;
				CLANG_ENABLE_OBJC_ARC = YES;
				CLANG_WARN_BOOL_CONVERSION = YES;
				CLANG_WARN_CONSTANT_CONVERSION = YES;
				CLANG_WARN_DIRECT_OBJC_ISA_USAGE = YES_ERROR;
				CLANG_WARN_DOCUMENTATION_COMMENTS = YES;
				CLANG_WARN_EMPTY_BODY = YES;
				CLANG_WARN_ENUM_CONVERSION = YES;
				CLANG_WARN_INFINITE_RECURSION = YES;
				CLANG_WARN_INT_CONVERSION = YES;
				CLANG_WARN_OBJC_ROOT_CLASS = YES_ERROR;
				CLANG_WARN_SUSPICIOUS_MOVES = YES;
				CLANG_WARN_UNREACHABLE_CODE = YES;
				CLANG_WARN__DUPLICATE_METHOD_MATCH = YES;
				"CODE_SIGN_IDENTITY[sdk=iphoneos*]" = "iPhone Developer";
				COPY_PHASE_STRIP = NO;
				DEBUG_INFORMATION_FORMAT = "dwarf-with-dsym";
				ENABLE_NS_ASSERTIONS = NO;
				ENABLE_STRICT_OBJC_MSGSEND = YES;
				GCC_C_LANGUAGE_STANDARD = gnu99;
				GCC_NO_COMMON_BLOCKS = YES;
				GCC_WARN_64_TO_32_BIT_CONVERSION = YES;
				GCC_WARN_ABOUT_RETURN_TYPE = YES_ERROR;
				GCC_WARN_UNDECLARED_SELECTOR = YES;
				GCC_WARN_UNINITIALIZED_AUTOS = YES_AGGRESSIVE;
				GCC_WARN_UNUSED_FUNCTION = YES;
				GCC_WARN_UNUSED_VARIABLE = YES;
				IPHONEOS_DEPLOYMENT_TARGET = 10.0;
				MTL_ENABLE_DEBUG_INFO = NO;
				SDKROOT = iphoneos;
				SWIFT_OPTIMIZATION_LEVEL = "-Owholemodule";
				VALIDATE_PRODUCT = YES;
			};
			name = Release;
		};
		1F28EA961D8955A100BFF669 /* Debug */ = {
			isa = XCBuildConfiguration;
			buildSettings = {
				ASSETCATALOG_COMPILER_APPICON_NAME = AppIcon;
				DEVELOPMENT_TEAM = YK58L6RTYU;
				INFOPLIST_FILE = AboutTime/Info.plist;
				LD_RUNPATH_SEARCH_PATHS = "$(inherited) @executable_path/Frameworks";
				PRODUCT_BUNDLE_IDENTIFIER = com.recapted.AboutTime;
				PRODUCT_NAME = "$(TARGET_NAME)";
				SWIFT_VERSION = 3.0;
			};
			name = Debug;
		};
		1F28EA971D8955A100BFF669 /* Release */ = {
			isa = XCBuildConfiguration;
			buildSettings = {
				ASSETCATALOG_COMPILER_APPICON_NAME = AppIcon;
				DEVELOPMENT_TEAM = YK58L6RTYU;
				INFOPLIST_FILE = AboutTime/Info.plist;
				LD_RUNPATH_SEARCH_PATHS = "$(inherited) @executable_path/Frameworks";
				PRODUCT_BUNDLE_IDENTIFIER = com.recapted.AboutTime;
				PRODUCT_NAME = "$(TARGET_NAME)";
				SWIFT_VERSION = 3.0;
			};
			name = Release;
		};
/* End XCBuildConfiguration section */

/* Begin XCConfigurationList section */
		1F28EA7E1D8955A100BFF669 /* Build configuration list for PBXProject "AboutTime" */ = {
			isa = XCConfigurationList;
			buildConfigurations = (
				1F28EA931D8955A100BFF669 /* Debug */,
				1F28EA941D8955A100BFF669 /* Release */,
			);
			defaultConfigurationIsVisible = 0;
			defaultConfigurationName = Release;
		};
		1F28EA951D8955A100BFF669 /* Build configuration list for PBXNativeTarget "AboutTime" */ = {
			isa = XCConfigurationList;
			buildConfigurations = (
				1F28EA961D8955A100BFF669 /* Debug */,
				1F28EA971D8955A100BFF669 /* Release */,
			);
			defaultConfigurationIsVisible = 0;
		};
/* End XCConfigurationList section */
	};
	rootObject = 1F28EA7B1D8955A100BFF669 /* Project object */;
}
